{
  "name": "ground-experience-garuda-indonesia-r10-20",
  "version": "10.20.0",
  "lockfileVersion": 3,
  "requires": true,
  "packages": {
    "": {
      "name": "ground-experience-garuda-indonesia-r10-20",
      "version": "10.20.0",
      "engines": {
        "node": ">=20"
      }
    }
  }
}
